
Microsoft Visual Studio Solution File, Format Version 12.00
# Visual Studio Version 17
VisualStudioVersion = 17.5.002.0
MinimumVisualStudioVersion = 10.0.40219.1
Project("{9A19103F-16F7-4668-BE54-9A1E7A4F7556}") = "MVCAuthReference", "MVCAuthReference.csproj", "{D6E450EB-A7B3-4867-BC39-6262621DB4F5}"
EndProject
Global
	GlobalSection(SolutionConfigurationPlatforms) = preSolution
		Debug|Any CPU = Debug|Any CPU
		Release|Any CPU = Release|Any CPU
	EndGlobalSection
	GlobalSection(ProjectConfigurationPlatforms) = postSolution
		{D6E450EB-A7B3-4867-BC39-6262621DB4F5}.Debug|Any CPU.ActiveCfg = Debug|Any CPU
		{D6E450EB-A7B3-4867-BC39-6262621DB4F5}.Debug|Any CPU.Build.0 = Debug|Any CPU
		{D6E450EB-A7B3-4867-BC39-6262621DB4F5}.Release|Any CPU.ActiveCfg = Release|Any CPU
		{D6E450EB-A7B3-4867-BC39-6262621DB4F5}.Release|Any CPU.Build.0 = Release|Any CPU
	EndGlobalSection
	GlobalSection(SolutionProperties) = preSolution
		HideSolutionNode = FALSE
	EndGlobalSection
	GlobalSection(ExtensibilityGlobals) = postSolution
		SolutionGuid = {3F35DC00-6643-486B-80F0-E37983E27827}
	EndGlobalSection
EndGlobal
